
Microsoft Visual Studio Solution File, Format Version 11.00
# Visual Studio 2010
Project("{FAE04EC0-301F-11D3-BF4B-00C04F79EFBC}") = "Puces-R", "Puces-R\Puces-R.csproj", "{7C2089C8-001F-4CB5-97AE-FE3D279DCD37}"
EndProject
Global
	GlobalSection(SolutionConfigurationPlatforms) = preSolution
		Debug|Any CPU = Debug|Any CPU
		Release|Any CPU = Release|Any CPU
	EndGlobalSection
	GlobalSection(ProjectConfigurationPlatforms) = postSolution
		{7C2089C8-001F-4CB5-97AE-FE3D279DCD37}.Debug|Any CPU.ActiveCfg = Debug|Any CPU
		{7C2089C8-001F-4CB5-97AE-FE3D279DCD37}.Debug|Any CPU.Build.0 = Debug|Any CPU
		{7C2089C8-001F-4CB5-97AE-FE3D279DCD37}.Release|Any CPU.ActiveCfg = Release|Any CPU
		{7C2089C8-001F-4CB5-97AE-FE3D279DCD37}.Release|Any CPU.Build.0 = Release|Any CPU
	EndGlobalSection
	GlobalSection(SolutionProperties) = preSolution
		HideSolutionNode = FALSE
	EndGlobalSection
EndGlobal
